
Microsoft Visual Studio Solution File, Format Version 12.00
# Visual Studio Version 17
VisualStudioVersion = 17.0.32014.148
MinimumVisualStudioVersion = 10.0.40219.1
Project("{9A19103F-16F7-4668-BE54-9A1E7A4F7556}") = "CustomerRelationshipManagementSystem", "CustomerRelationshipManagementSystem\CustomerRelationshipManagementSystem.csproj", "{4C528AC7-8870-4A56-8CDE-6B899939D48A}"
EndProject
Global
	GlobalSection(SolutionConfigurationPlatforms) = preSolution
		Debug|Any CPU = Debug|Any CPU
		Release|Any CPU = Release|Any CPU
	EndGlobalSection
	GlobalSection(ProjectConfigurationPlatforms) = postSolution
		{4C528AC7-8870-4A56-8CDE-6B899939D48A}.Debug|Any CPU.ActiveCfg = Debug|Any CPU
		{4C528AC7-8870-4A56-8CDE-6B899939D48A}.Debug|Any CPU.Build.0 = Debug|Any CPU
		{4C528AC7-8870-4A56-8CDE-6B899939D48A}.Release|Any CPU.ActiveCfg = Release|Any CPU
		{4C528AC7-8870-4A56-8CDE-6B899939D48A}.Release|Any CPU.Build.0 = Release|Any CPU
	EndGlobalSection
	GlobalSection(SolutionProperties) = preSolution
		HideSolutionNode = FALSE
	EndGlobalSection
	GlobalSection(ExtensibilityGlobals) = postSolution
		SolutionGuid = {B6AC8D6F-E438-4BB2-82BE-FCB57F35D23E}
	EndGlobalSection
EndGlobal
